{
  "name": "frontend",
  "lockfileVersion": 3,
  "requires": true,
  "packages": {
    "": {
      "dependencies": {
        "frontend": "file:.."
      }
    },
    "..": {
      "version": "1.0.0",
      "dependencies": {
        "react": "^18.2.0",
        "react-dom": "^18.2.0"
      },
      "devDependencies": {
        "vite": "^4.0.0"
      }
    },
    "../..": {
      "version": "0.1.0",
      "dependencies": {
        "cors": "^2.8.5",
        "cra-template": "1.2.0",
        "dotenv": "^16.4.7",
        "express": "^4.21.2",
        "mongoose": "^8.9.5",
        "react": "^19.0.0",
        "react-dom": "^19.0.0",
        "react-scripts": "5.0.1",
        "require": "^2.4.20"
      }
    },
    "../../node_modules/react": {
      "version": "19.0.0",
      "license": "MIT",
      "engines": {
        "node": ">=0.10.0"
      }
    },
    "../../node_modules/react-dom": {
      "version": "19.0.0",
      "license": "MIT",
      "dependencies": {
        "scheduler": "^0.25.0"
      },
      "peerDependencies": {
        "react": "^19.0.0"
      }
    },
    "../../node_modules/scheduler": {
      "version": "0.25.0",
      "license": "MIT"
    },
    "node_modules/frontend": {
      "resolved": "..",
      "link": true
    }
  }
}
